{
  "object": {
    "pins": [
      {
        "package": "MonnoNetwork",
        "repositoryURL": "https://github.com/litoarias/MonnoNetwork",
        "state": {
          "branch": null,
          "revision": "bc6a77f3fe77a8f6b6d0e5752e6432cd5509a649",
          "version": "0.3.0"
        }
      }
    ]
  },
  "version": 1
}
